
Microsoft Visual Studio Solution File, Format Version 12.00
# Visual Studio Version 17
VisualStudioVersion = 17.3.32929.385
MinimumVisualStudioVersion = 10.0.40219.1
Project("{FAE04EC0-301F-11D3-BF4B-00C04F79EFBC}") = "MyFrontEnd", "MyFrontEnd\MyFrontEnd.csproj", "{D03894DD-3612-479A-9E75-B72EA30B710A}"
EndProject
Project("{FAE04EC0-301F-11D3-BF4B-00C04F79EFBC}") = "MyBackEnd", "MyBackEnd\MyBackEnd.csproj", "{D8898F82-066C-4DFC-A054-37E3B10DFB74}"
EndProject
Global
	GlobalSection(SolutionConfigurationPlatforms) = preSolution
		Debug|Any CPU = Debug|Any CPU
		Release|Any CPU = Release|Any CPU
	EndGlobalSection
	GlobalSection(ProjectConfigurationPlatforms) = postSolution
		{D03894DD-3612-479A-9E75-B72EA30B710A}.Debug|Any CPU.ActiveCfg = Debug|Any CPU
		{D03894DD-3612-479A-9E75-B72EA30B710A}.Debug|Any CPU.Build.0 = Debug|Any CPU
		{D03894DD-3612-479A-9E75-B72EA30B710A}.Release|Any CPU.ActiveCfg = Release|Any CPU
		{D03894DD-3612-479A-9E75-B72EA30B710A}.Release|Any CPU.Build.0 = Release|Any CPU
		{D8898F82-066C-4DFC-A054-37E3B10DFB74}.Debug|Any CPU.ActiveCfg = Debug|Any CPU
		{D8898F82-066C-4DFC-A054-37E3B10DFB74}.Debug|Any CPU.Build.0 = Debug|Any CPU
		{D8898F82-066C-4DFC-A054-37E3B10DFB74}.Release|Any CPU.ActiveCfg = Release|Any CPU
		{D8898F82-066C-4DFC-A054-37E3B10DFB74}.Release|Any CPU.Build.0 = Release|Any CPU
	EndGlobalSection
	GlobalSection(SolutionProperties) = preSolution
		HideSolutionNode = FALSE
	EndGlobalSection
	GlobalSection(ExtensibilityGlobals) = postSolution
		SolutionGuid = {B6BCB5AE-9B7C-477E-8BFF-C20CC6D040D5}
	EndGlobalSection
EndGlobal
