
Microsoft Visual Studio Solution File, Format Version 12.00
# Visual Studio Version 17
VisualStudioVersion = 17.3.32929.385
MinimumVisualStudioVersion = 10.0.40219.1
Project("{FAE04EC0-301F-11D3-BF4B-00C04F79EFBC}") = "MyFrontEnd", "MyFrontEnd\MyFrontEnd.csproj", "{FBC9EF73-705D-491C-9C53-AD16F3727468}"
EndProject
Global
	GlobalSection(SolutionConfigurationPlatforms) = preSolution
		Debug|Any CPU = Debug|Any CPU
		Release|Any CPU = Release|Any CPU
	EndGlobalSection
	GlobalSection(ProjectConfigurationPlatforms) = postSolution
		{FBC9EF73-705D-491C-9C53-AD16F3727468}.Debug|Any CPU.ActiveCfg = Debug|Any CPU
		{FBC9EF73-705D-491C-9C53-AD16F3727468}.Debug|Any CPU.Build.0 = Debug|Any CPU
		{FBC9EF73-705D-491C-9C53-AD16F3727468}.Release|Any CPU.ActiveCfg = Release|Any CPU
		{FBC9EF73-705D-491C-9C53-AD16F3727468}.Release|Any CPU.Build.0 = Release|Any CPU
	EndGlobalSection
	GlobalSection(SolutionProperties) = preSolution
		HideSolutionNode = FALSE
	EndGlobalSection
	GlobalSection(ExtensibilityGlobals) = postSolution
		SolutionGuid = {69837DEB-D21C-44CC-80AD-0DB6A33DB562}
	EndGlobalSection
EndGlobal
